
Microsoft Visual Studio Solution File, Format Version 12.00
# Visual Studio Version 16
VisualStudioVersion = 16.0.30413.136
MinimumVisualStudioVersion = 10.0.40219.1
Project("{FAE04EC0-301F-11D3-BF4B-00C04F79EFBC}") = "MoviePlexTheatreApp", "MoviePlexTheatreApp\MoviePlexTheatreApp.csproj", "{61EA62BD-76FA-480B-9F8C-844ACA0850AA}"
EndProject
Global
	GlobalSection(SolutionConfigurationPlatforms) = preSolution
		Debug|Any CPU = Debug|Any CPU
		Release|Any CPU = Release|Any CPU
	EndGlobalSection
	GlobalSection(ProjectConfigurationPlatforms) = postSolution
		{61EA62BD-76FA-480B-9F8C-844ACA0850AA}.Debug|Any CPU.ActiveCfg = Debug|Any CPU
		{61EA62BD-76FA-480B-9F8C-844ACA0850AA}.Debug|Any CPU.Build.0 = Debug|Any CPU
		{61EA62BD-76FA-480B-9F8C-844ACA0850AA}.Release|Any CPU.ActiveCfg = Release|Any CPU
		{61EA62BD-76FA-480B-9F8C-844ACA0850AA}.Release|Any CPU.Build.0 = Release|Any CPU
	EndGlobalSection
	GlobalSection(SolutionProperties) = preSolution
		HideSolutionNode = FALSE
	EndGlobalSection
	GlobalSection(ExtensibilityGlobals) = postSolution
		SolutionGuid = {230934B0-A595-4396-B5EF-1A4E142C4820}
	EndGlobalSection
EndGlobal
